// !$*UTF8*$!
{
	archiveVersion = 1;
	classes = {
	};
	objectVersion = 50;
	objects = {

/* Begin PBXBuildFile section */
		7D4A69D826250FF400522249 /* FoodApp_PeterWelchApp.swift in Sources */ = {isa = PBXBuildFile; fileRef = 7D4A69D726250FF400522249 /* FoodApp_PeterWelchApp.swift */; };
		7D4A69DA26250FF400522249 /* ContentView.swift in Sources */ = {isa = PBXBuildFile; fileRef = 7D4A69D926250FF400522249 /* ContentView.swift */; };
		7D4A69DC26250FF400522249 /* Assets.xcassets in Resources */ = {isa = PBXBuildFile; fileRef = 7D4A69DB26250FF400522249 /* Assets.xcassets */; };
		7D4A69DF26250FF400522249 /* Preview Assets.xcassets in Resources */ = {isa = PBXBuildFile; fileRef = 7D4A69DE26250FF400522249 /* Preview Assets.xcassets */; };
		7D4A69EA26250FF400522249 /* FoodApp_PeterWelchTests.swift in Sources */ = {isa = PBXBuildFile; fileRef = 7D4A69E926250FF400522249 /* FoodApp_PeterWelchTests.swift */; };
		7D4A69F526250FF400522249 /* FoodApp_PeterWelchUITests.swift in Sources */ = {isa = PBXBuildFile; fileRef = 7D4A69F426250FF400522249 /* FoodApp_PeterWelchUITests.swift */; };
		7D4A6A07262510AE00522249 /* Food.swift in Sources */ = {isa = PBXBuildFile; fileRef = 7D4A6A06262510AE00522249 /* Food.swift */; };
		7D4A6A0C2625234400522249 /* Dish.swift in Sources */ = {isa = PBXBuildFile; fileRef = 7D4A6A0B2625234400522249 /* Dish.swift */; };
		7D4A6A28262547A200522249 /* FoodList.swift in Sources */ = {isa = PBXBuildFile; fileRef = 7D4A6A27262547A200522249 /* FoodList.swift */; };
		7D4A6A4226254B8200522249 /* FoodDetail.swift in Sources */ = {isa = PBXBuildFile; fileRef = 7D4A6A4126254B8200522249 /* FoodDetail.swift */; };
/* End PBXBuildFile section */

/* Begin PBXContainerItemProxy section */
		7D4A69E626250FF400522249 /* PBXContainerItemProxy */ = {
			isa = PBXContainerItemProxy;
			containerPortal = 7D4A69CC26250FF400522249 /* Project object */;
			proxyType = 1;
			remoteGlobalIDString = 7D4A69D326250FF400522249;
			remoteInfo = "FoodApp-PeterWelch";
		};
		7D4A69F126250FF400522249 /* PBXContainerItemProxy */ = {
			isa = PBXContainerItemProxy;
			containerPortal = 7D4A69CC26250FF400522249 /* Project object */;
			proxyType = 1;
			remoteGlobalIDString = 7D4A69D326250FF400522249;
			remoteInfo = "FoodApp-PeterWelch";
		};
/* End PBXContainerItemProxy section */

/* Begin PBXFileReference section */
		7D4A69D426250FF400522249 /* FoodApp-PeterWelch.app */ = {isa = PBXFileReference; explicitFileType = wrapper.application; includeInIndex = 0; path = "FoodApp-PeterWelch.app"; sourceTree = BUILT_PRODUCTS_DIR; };
		7D4A69D726250FF400522249 /* FoodApp_PeterWelchApp.swift */ = {isa = PBXFileReference; lastKnownFileType = sourcecode.swift; path = FoodApp_PeterWelchApp.swift; sourceTree = "<group>"; };
		7D4A69D926250FF400522249 /* ContentView.swift */ = {isa = PBXFileReference; lastKnownFileType = sourcecode.swift; path = ContentView.swift; sourceTree = "<group>"; };
		7D4A69DB26250FF400522249 /* Assets.xcassets */ = {isa = PBXFileReference; lastKnownFileType = folder.assetcatalog; path = Assets.xcassets; sourceTree = "<group>"; };
		7D4A69DE26250FF400522249 /* Preview Assets.xcassets */ = {isa = PBXFileReference; lastKnownFileType = folder.assetcatalog; path = "Preview Assets.xcassets"; sourceTree = "<group>"; };
		7D4A69E026250FF400522249 /* Info.plist */ = {isa = PBXFileReference; lastKnownFileType = text.plist.xml; path = Info.plist; sourceTree = "<group>"; };
		7D4A69E526250FF400522249 /* FoodApp-PeterWelchTests.xctest */ = {isa = PBXFileReference; explicitFileType = wrapper.cfbundle; includeInIndex = 0; path = "FoodApp-PeterWelchTests.xctest"; sourceTree = BUILT_PRODUCTS_DIR; };
		7D4A69E926250FF400522249 /* FoodApp_PeterWelchTests.swift */ = {isa = PBXFileReference; lastKnownFileType = sourcecode.swift; path = FoodApp_PeterWelchTests.swift; sourceTree = "<group>"; };
		7D4A69EB26250FF400522249 /* Info.plist */ = {isa = PBXFileReference; lastKnownFileType = text.plist.xml; path = Info.plist; sourceTree = "<group>"; };
		7D4A69F026250FF400522249 /* FoodApp-PeterWelchUITests.xctest */ = {isa = PBXFileReference; explicitFileType = wrapper.cfbundle; includeInIndex = 0; path = "FoodApp-PeterWelchUITests.xctest"; sourceTree = BUILT_PRODUCTS_DIR; };
		7D4A69F426250FF400522249 /* FoodApp_PeterWelchUITests.swift */ = {isa = PBXFileReference; lastKnownFileType = sourcecode.swift; path = FoodApp_PeterWelchUITests.swift; sourceTree = "<group>"; };
		7D4A69F626250FF400522249 /* Info.plist */ = {isa = PBXFileReference; lastKnownFileType = text.plist.xml; path = Info.plist; sourceTree = "<group>"; };
		7D4A6A06262510AE00522249 /* Food.swift */ = {isa = PBXFileReference; lastKnownFileType = sourcecode.swift; path = Food.swift; sourceTree = "<group>"; };
		7D4A6A0B2625234400522249 /* Dish.swift */ = {isa = PBXFileReference; lastKnownFileType = sourcecode.swift; path = Dish.swift; sourceTree = "<group>"; };
		7D4A6A27262547A200522249 /* FoodList.swift */ = {isa = PBXFileReference; lastKnownFileType = sourcecode.swift; path = FoodList.swift; sourceTree = "<group>"; };
		7D4A6A4126254B8200522249 /* FoodDetail.swift */ = {isa = PBXFileReference; lastKnownFileType = sourcecode.swift; path = FoodDetail.swift; sourceTree = "<group>"; };
/* End PBXFileReference section */

/* Begin PBXFrameworksBuildPhase section */
		7D4A69D126250FF400522249 /* Frameworks */ = {
			isa = PBXFrameworksBuildPhase;
			buildActionMask = 2147483647;
			files = (
			);
			runOnlyForDeploymentPostprocessing = 0;
		};
		7D4A69E226250FF400522249 /* Frameworks */ = {
			isa = PBXFrameworksBuildPhase;
			buildActionMask = 2147483647;
			files = (
			);
			runOnlyForDeploymentPostprocessing = 0;
		};
		7D4A69ED26250FF400522249 /* Frameworks */ = {
			isa = PBXFrameworksBuildPhase;
			buildActionMask = 2147483647;
			files = (
			);
			runOnlyForDeploymentPostprocessing = 0;
		};
/* End PBXFrameworksBuildPhase section */

/* Begin PBXGroup section */
		7D4A69CB26250FF400522249 = {
			isa = PBXGroup;
			children = (
				7D4A69D626250FF400522249 /* FoodApp-PeterWelch */,
				7D4A69E826250FF400522249 /* FoodApp-PeterWelchTests */,
				7D4A69F326250FF400522249 /* FoodApp-PeterWelchUITests */,
				7D4A69D526250FF400522249 /* Products */,
			);
			sourceTree = "<group>";
		};
		7D4A69D526250FF400522249 /* Products */ = {
			isa = PBXGroup;
			children = (
				7D4A69D426250FF400522249 /* FoodApp-PeterWelch.app */,
				7D4A69E526250FF400522249 /* FoodApp-PeterWelchTests.xctest */,
				7D4A69F026250FF400522249 /* FoodApp-PeterWelchUITests.xctest */,
			);
			name = Products;
			sourceTree = "<group>";
		};
		7D4A69D626250FF400522249 /* FoodApp-PeterWelch */ = {
			isa = PBXGroup;
			children = (
				7D4A69D926250FF400522249 /* ContentView.swift */,
				7D4A6A4D262870E900522249 /* FoodViews */,
				7D4A6A232625475800522249 /* Class */,
				7D4A69D726250FF400522249 /* FoodApp_PeterWelchApp.swift */,
				7D4A69DB26250FF400522249 /* Assets.xcassets */,
				7D4A69E026250FF400522249 /* Info.plist */,
				7D4A69DD26250FF400522249 /* Preview Content */,
			);
			path = "FoodApp-PeterWelch";
			sourceTree = "<group>";
		};
		7D4A69DD26250FF400522249 /* Preview Content */ = {
			isa = PBXGroup;
			children = (
				7D4A69DE26250FF400522249 /* Preview Assets.xcassets */,
			);
			path = "Preview Content";
			sourceTree = "<group>";
		};
		7D4A69E826250FF400522249 /* FoodApp-PeterWelchTests */ = {
			isa = PBXGroup;
			children = (
				7D4A69E926250FF400522249 /* FoodApp_PeterWelchTests.swift */,
				7D4A69EB26250FF400522249 /* Info.plist */,
			);
			path = "FoodApp-PeterWelchTests";
			sourceTree = "<group>";
		};
		7D4A69F326250FF400522249 /* FoodApp-PeterWelchUITests */ = {
			isa = PBXGroup;
			children = (
				7D4A69F426250FF400522249 /* FoodApp_PeterWelchUITests.swift */,
				7D4A69F626250FF400522249 /* Info.plist */,
			);
			path = "FoodApp-PeterWelchUITests";
			sourceTree = "<group>";
		};
		7D4A6A232625475800522249 /* Class */ = {
			isa = PBXGroup;
			children = (
				7D4A6A06262510AE00522249 /* Food.swift */,
				7D4A6A0B2625234400522249 /* Dish.swift */,
			);
			path = Class;
			sourceTree = "<group>";
		};
		7D4A6A4D262870E900522249 /* FoodViews */ = {
			isa = PBXGroup;
			children = (
				7D4A6A27262547A200522249 /* FoodList.swift */,
				7D4A6A4126254B8200522249 /* FoodDetail.swift */,
			);
			path = FoodViews;
			sourceTree = "<group>";
		};
/* End PBXGroup section */

/* Begin PBXNativeTarget section */
		7D4A69D326250FF400522249 /* FoodApp-PeterWelch */ = {
			isa = PBXNativeTarget;
			buildConfigurationList = 7D4A69F926250FF400522249 /* Build configuration list for PBXNativeTarget "FoodApp-PeterWelch" */;
			buildPhases = (
				7D4A69D026250FF400522249 /* Sources */,
				7D4A69D126250FF400522249 /* Frameworks */,
				7D4A69D226250FF400522249 /* Resources */,
			);
			buildRules = (
			);
			dependencies = (
			);
			name = "FoodApp-PeterWelch";
			productName = "FoodApp-PeterWelch";
			productReference = 7D4A69D426250FF400522249 /* FoodApp-PeterWelch.app */;
			productType = "com.apple.product-type.application";
		};
		7D4A69E426250FF400522249 /* FoodApp-PeterWelchTests */ = {
			isa = PBXNativeTarget;
			buildConfigurationList = 7D4A69FC26250FF400522249 /* Build configuration list for PBXNativeTarget "FoodApp-PeterWelchTests" */;
			buildPhases = (
				7D4A69E126250FF400522249 /* Sources */,
				7D4A69E226250FF400522249 /* Frameworks */,
				7D4A69E326250FF400522249 /* Resources */,
			);
			buildRules = (
			);
			dependencies = (
				7D4A69E726250FF400522249 /* PBXTargetDependency */,
			);
			name = "FoodApp-PeterWelchTests";
			productName = "FoodApp-PeterWelchTests";
			productReference = 7D4A69E526250FF400522249 /* FoodApp-PeterWelchTests.xctest */;
			productType = "com.apple.product-type.bundle.unit-test";
		};
		7D4A69EF26250FF400522249 /* FoodApp-PeterWelchUITests */ = {
			isa = PBXNativeTarget;
			buildConfigurationList = 7D4A69FF26250FF400522249 /* Build configuration list for PBXNativeTarget "FoodApp-PeterWelchUITests" */;
			buildPhases = (
				7D4A69EC26250FF400522249 /* Sources */,
				7D4A69ED26250FF400522249 /* Frameworks */,
				7D4A69EE26250FF400522249 /* Resources */,
			);
			buildRules = (
			);
			dependencies = (
				7D4A69F226250FF400522249 /* PBXTargetDependency */,
			);
			name = "FoodApp-PeterWelchUITests";
			productName = "FoodApp-PeterWelchUITests";
			productReference = 7D4A69F026250FF400522249 /* FoodApp-PeterWelchUITests.xctest */;
			productType = "com.apple.product-type.bundle.ui-testing";
		};
/* End PBXNativeTarget section */

/* Begin PBXProject section */
		7D4A69CC26250FF400522249 /* Project object */ = {
			isa = PBXProject;
			attributes = {
				LastSwiftUpdateCheck = 1240;
				LastUpgradeCheck = 1240;
				TargetAttributes = {
					7D4A69D326250FF400522249 = {
						CreatedOnToolsVersion = 12.4;
					};
					7D4A69E426250FF400522249 = {
						CreatedOnToolsVersion = 12.4;
						TestTargetID = 7D4A69D326250FF400522249;
					};
					7D4A69EF26250FF400522249 = {
						CreatedOnToolsVersion = 12.4;
						TestTargetID = 7D4A69D326250FF400522249;
					};
				};
			};
			buildConfigurationList = 7D4A69CF26250FF400522249 /* Build configuration list for PBXProject "FoodApp-PeterWelch" */;
			compatibilityVersion = "Xcode 9.3";
			developmentRegion = en;
			hasScannedForEncodings = 0;
			knownRegions = (
				en,
				Base,
			);
			mainGroup = 7D4A69CB26250FF400522249;
			productRefGroup = 7D4A69D526250FF400522249 /* Products */;
			projectDirPath = "";
			projectRoot = "";
			targets = (
				7D4A69D326250FF400522249 /* FoodApp-PeterWelch */,
				7D4A69E426250FF400522249 /* FoodApp-PeterWelchTests */,
				7D4A69EF26250FF400522249 /* FoodApp-PeterWelchUITests */,
			);
		};
/* End PBXProject section */

/* Begin PBXResourcesBuildPhase section */
		7D4A69D226250FF400522249 /* Resources */ = {
			isa = PBXResourcesBuildPhase;
			buildActionMask = 2147483647;
			files = (
				7D4A69DF26250FF400522249 /* Preview Assets.xcassets in Resources */,
				7D4A69DC26250FF400522249 /* Assets.xcassets in Resources */,
			);
			runOnlyForDeploymentPostprocessing = 0;
		};
		7D4A69E326250FF400522249 /* Resources */ = {
			isa = PBXResourcesBuildPhase;
			buildActionMask = 2147483647;
			files = (
			);
			runOnlyForDeploymentPostprocessing = 0;
		};
		7D4A69EE26250FF400522249 /* Resources */ = {
			isa = PBXResourcesBuildPhase;
			buildActionMask = 2147483647;
			files = (
			);
			runOnlyForDeploymentPostprocessing = 0;
		};
/* End PBXResourcesBuildPhase section */

/* Begin PBXSourcesBuildPhase section */
		7D4A69D026250FF400522249 /* Sources */ = {
			isa = PBXSourcesBuildPhase;
			buildActionMask = 2147483647;
			files = (
				7D4A69DA26250FF400522249 /* ContentView.swift in Sources */,
				7D4A6A0C2625234400522249 /* Dish.swift in Sources */,
				7D4A6A4226254B8200522249 /* FoodDetail.swift in Sources */,
				7D4A69D826250FF400522249 /* FoodApp_PeterWelchApp.swift in Sources */,
				7D4A6A07262510AE00522249 /* Food.swift in Sources */,
				7D4A6A28262547A200522249 /* FoodList.swift in Sources */,
			);
			runOnlyForDeploymentPostprocessing = 0;
		};
		7D4A69E126250FF400522249 /* Sources */ = {
			isa = PBXSourcesBuildPhase;
			buildActionMask = 2147483647;
			files = (
				7D4A69EA26250FF400522249 /* FoodApp_PeterWelchTests.swift in Sources */,
			);
			runOnlyForDeploymentPostprocessing = 0;
		};
		7D4A69EC26250FF400522249 /* Sources */ = {
			isa = PBXSourcesBuildPhase;
			buildActionMask = 2147483647;
			files = (
				7D4A69F526250FF400522249 /* FoodApp_PeterWelchUITests.swift in Sources */,
			);
			runOnlyForDeploymentPostprocessing = 0;
		};
/* End PBXSourcesBuildPhase section */

/* Begin PBXTargetDependency section */
		7D4A69E726250FF400522249 /* PBXTargetDependency */ = {
			isa = PBXTargetDependency;
			target = 7D4A69D326250FF400522249 /* FoodApp-PeterWelch */;
			targetProxy = 7D4A69E626250FF400522249 /* PBXContainerItemProxy */;
		};
		7D4A69F226250FF400522249 /* PBXTargetDependency */ = {
			isa = PBXTargetDependency;
			target = 7D4A69D326250FF400522249 /* FoodApp-PeterWelch */;
			targetProxy = 7D4A69F126250FF400522249 /* PBXContainerItemProxy */;
		};
/* End PBXTargetDependency section */

/* Begin XCBuildConfiguration section */
		7D4A69F726250FF400522249 /* Debug */ = {
			isa = XCBuildConfiguration;
			buildSettings = {
				ALWAYS_SEARCH_USER_PATHS = NO;
				CLANG_ANALYZER_NONNULL = YES;
				CLANG_ANALYZER_NUMBER_OBJECT_CONVERSION = YES_AGGRESSIVE;
				CLANG_CXX_LANGUAGE_STANDARD = "gnu++14";
				CLANG_CXX_LIBRARY = "libc++";
				CLANG_ENABLE_MODULES = YES;
				CLANG_ENABLE_OBJC_ARC = YES;
				CLANG_ENABLE_OBJC_WEAK = YES;
				CLANG_WARN_BLOCK_CAPTURE_AUTORELEASING = YES;
				CLANG_WARN_BOOL_CONVERSION = YES;
				CLANG_WARN_COMMA = YES;
				CLANG_WARN_CONSTANT_CONVERSION = YES;
				CLANG_WARN_DEPRECATED_OBJC_IMPLEMENTATIONS = YES;
				CLANG_WARN_DIRECT_OBJC_ISA_USAGE = YES_ERROR;
				CLANG_WARN_DOCUMENTATION_COMMENTS = YES;
				CLANG_WARN_EMPTY_BODY = YES;
				CLANG_WARN_ENUM_CONVERSION = YES;
				CLANG_WARN_INFINITE_RECURSION = YES;
				CLANG_WARN_INT_CONVERSION = YES;
				CLANG_WARN_NON_LITERAL_NULL_CONVERSION = YES;
				CLANG_WARN_OBJC_IMPLICIT_RETAIN_SELF = YES;
				CLANG_WARN_OBJC_LITERAL_CONVERSION = YES;
				CLANG_WARN_OBJC_ROOT_CLASS = YES_ERROR;
				CLANG_WARN_QUOTED_INCLUDE_IN_FRAMEWORK_HEADER = YES;
				CLANG_WARN_RANGE_LOOP_ANALYSIS = YES;
				CLANG_WARN_STRICT_PROTOTYPES = YES;
				CLANG_WARN_SUSPICIOUS_MOVE = YES;
				CLANG_WARN_UNGUARDED_AVAILABILITY = YES_AGGRESSIVE;
				CLANG_WARN_UNREACHABLE_CODE = YES;
				CLANG_WARN__DUPLICATE_METHOD_MATCH = YES;
				COPY_PHASE_STRIP = NO;
				DEBUG_INFORMATION_FORMAT = dwarf;
				ENABLE_STRICT_OBJC_MSGSEND = YES;
				ENABLE_TESTABILITY = YES;
				GCC_C_LANGUAGE_STANDARD = gnu11;
				GCC_DYNAMIC_NO_PIC = NO;
				GCC_NO_COMMON_BLOCKS = YES;
				GCC_OPTIMIZATION_LEVEL = 0;
				GCC_PREPROCESSOR_DEFINITIONS = (
					"DEBUG=1",
					"$(inherited)",
				);
				GCC_WARN_64_TO_32_BIT_CONVERSION = YES;
				GCC_WARN_ABOUT_RETURN_TYPE = YES_ERROR;
				GCC_WARN_UNDECLARED_SELECTOR = YES;
				GCC_WARN_UNINITIALIZED_AUTOS = YES_AGGRESSIVE;
				GCC_WARN_UNUSED_FUNCTION = YES;
				GCC_WARN_UNUSED_VARIABLE = YES;
				IPHONEOS_DEPLOYMENT_TARGET = 14.4;
				MTL_ENABLE_DEBUG_INFO = INCLUDE_SOURCE;
				MTL_FAST_MATH = YES;
				ONLY_ACTIVE_ARCH = YES;
				SDKROOT = iphoneos;
				SWIFT_ACTIVE_COMPILATION_CONDITIONS = DEBUG;
				SWIFT_OPTIMIZATION_LEVEL = "-Onone";
			};
			name = Debug;
		};
		7D4A69F826250FF400522249 /* Release */ = {
			isa = XCBuildConfiguration;
			buildSettings = {
				ALWAYS_SEARCH_USER_PATHS = NO;
				CLANG_ANALYZER_NONNULL = YES;
				CLANG_ANALYZER_NUMBER_OBJECT_CONVERSION = YES_AGGRESSIVE;
				CLANG_CXX_LANGUAGE_STANDARD = "gnu++14";
				CLANG_CXX_LIBRARY = "libc++";
				CLANG_ENABLE_MODULES = YES;
				CLANG_ENABLE_OBJC_ARC = YES;
				CLANG_ENABLE_OBJC_WEAK = YES;
				CLANG_WARN_BLOCK_CAPTURE_AUTORELEASING = YES;
				CLANG_WARN_BOOL_CONVERSION = YES;
				CLANG_WARN_COMMA = YES;
				CLANG_WARN_CONSTANT_CONVERSION = YES;
				CLANG_WARN_DEPRECATED_OBJC_IMPLEMENTATIONS = YES;
				CLANG_WARN_DIRECT_OBJC_ISA_USAGE = YES_ERROR;
				CLANG_WARN_DOCUMENTATION_COMMENTS = YES;
				CLANG_WARN_EMPTY_BODY = YES;
				CLANG_WARN_ENUM_CONVERSION = YES;
				CLANG_WARN_INFINITE_RECURSION = YES;
				CLANG_WARN_INT_CONVERSION = YES;
				CLANG_WARN_NON_LITERAL_NULL_CONVERSION = YES;
				CLANG_WARN_OBJC_IMPLICIT_RETAIN_SELF = YES;
				CLANG_WARN_OBJC_LITERAL_CONVERSION = YES;
				CLANG_WARN_OBJC_ROOT_CLASS = YES_ERROR;
				CLANG_WARN_QUOTED_INCLUDE_IN_FRAMEWORK_HEADER = YES;
				CLANG_WARN_RANGE_LOOP_ANALYSIS = YES;
				CLANG_WARN_STRICT_PROTOTYPES = YES;
				CLANG_WARN_SUSPICIOUS_MOVE = YES;
				CLANG_WARN_UNGUARDED_AVAILABILITY = YES_AGGRESSIVE;
				CLANG_WARN_UNREACHABLE_CODE = YES;
				CLANG_WARN__DUPLICATE_METHOD_MATCH = YES;
				COPY_PHASE_STRIP = NO;
				DEBUG_INFORMATION_FORMAT = "dwarf-with-dsym";
				ENABLE_NS_ASSERTIONS = NO;
				ENABLE_STRICT_OBJC_MSGSEND = YES;
				GCC_C_LANGUAGE_STANDARD = gnu11;
				GCC_NO_COMMON_BLOCKS = YES;
				GCC_WARN_64_TO_32_BIT_CONVERSION = YES;
				GCC_WARN_ABOUT_RETURN_TYPE = YES_ERROR;
				GCC_WARN_UNDECLARED_SELECTOR = YES;
				GCC_WARN_UNINITIALIZED_AUTOS = YES_AGGRESSIVE;
				GCC_WARN_UNUSED_FUNCTION = YES;
				GCC_WARN_UNUSED_VARIABLE = YES;
				IPHONEOS_DEPLOYMENT_TARGET = 14.4;
				MTL_ENABLE_DEBUG_INFO = NO;
				MTL_FAST_MATH = YES;
				SDKROOT = iphoneos;
				SWIFT_COMPILATION_MODE = wholemodule;
				SWIFT_OPTIMIZATION_LEVEL = "-O";
				VALIDATE_PRODUCT = YES;
			};
			name = Release;
		};
		7D4A69FA26250FF400522249 /* Debug */ = {
			isa = XCBuildConfiguration;
			buildSettings = {
				ASSETCATALOG_COMPILER_APPICON_NAME = AppIcon;
				ASSETCATALOG_COMPILER_GLOBAL_ACCENT_COLOR_NAME = AccentColor;
				CODE_SIGN_STYLE = Automatic;
				DEVELOPMENT_ASSET_PATHS = "\"FoodApp-PeterWelch/Preview Content\"";
				ENABLE_PREVIEWS = YES;
				INFOPLIST_FILE = "FoodApp-PeterWelch/Info.plist";
				IPHONEOS_DEPLOYMENT_TARGET = 14.0;
				LD_RUNPATH_SEARCH_PATHS = (
					"$(inherited)",
					"@executable_path/Frameworks",
				);
				PRODUCT_BUNDLE_IDENTIFIER = "app.dev.griffithuni.FoodApp-PeterWelch";
				PRODUCT_NAME = "$(TARGET_NAME)";
				SWIFT_VERSION = 5.0;
				TARGETED_DEVICE_FAMILY = "1,2";
			};
			name = Debug;
		};
		7D4A69FB26250FF400522249 /* Release */ = {
			isa = XCBuildConfiguration;
			buildSettings = {
				ASSETCATALOG_COMPILER_APPICON_NAME = AppIcon;
				ASSETCATALOG_COMPILER_GLOBAL_ACCENT_COLOR_NAME = AccentColor;
				CODE_SIGN_STYLE = Automatic;
				DEVELOPMENT_ASSET_PATHS = "\"FoodApp-PeterWelch/Preview Content\"";
				ENABLE_PREVIEWS = YES;
				INFOPLIST_FILE = "FoodApp-PeterWelch/Info.plist";
				IPHONEOS_DEPLOYMENT_TARGET = 14.0;
				LD_RUNPATH_SEARCH_PATHS = (
					"$(inherited)",
					"@executable_path/Frameworks",
				);
				PRODUCT_BUNDLE_IDENTIFIER = "app.dev.griffithuni.FoodApp-PeterWelch";
				PRODUCT_NAME = "$(TARGET_NAME)";
				SWIFT_VERSION = 5.0;
				TARGETED_DEVICE_FAMILY = "1,2";
			};
			name = Release;
		};
		7D4A69FD26250FF400522249 /* Debug */ = {
			isa = XCBuildConfiguration;
			buildSettings = {
				ALWAYS_EMBED_SWIFT_STANDARD_LIBRARIES = YES;
				BUNDLE_LOADER = "$(TEST_HOST)";
				CODE_SIGN_STYLE = Automatic;
				INFOPLIST_FILE = "FoodApp-PeterWelchTests/Info.plist";
				IPHONEOS_DEPLOYMENT_TARGET = 14.0;
				LD_RUNPATH_SEARCH_PATHS = (
					"$(inherited)",
					"@executable_path/Frameworks",
					"@loader_path/Frameworks",
				);
				PRODUCT_BUNDLE_IDENTIFIER = "app.dev.griffithuni.FoodApp-PeterWelchTests";
				PRODUCT_NAME = "$(TARGET_NAME)";
				SWIFT_VERSION = 5.0;
				TARGETED_DEVICE_FAMILY = "1,2";
				TEST_HOST = "$(BUILT_PRODUCTS_DIR)/FoodApp-PeterWelch.app/FoodApp-PeterWelch";
			};
			name = Debug;
		};
		7D4A69FE26250FF400522249 /* Release */ = {
			isa = XCBuildConfiguration;
			buildSettings = {
				ALWAYS_EMBED_SWIFT_STANDARD_LIBRARIES = YES;
				BUNDLE_LOADER = "$(TEST_HOST)";
				CODE_SIGN_STYLE = Automatic;
				INFOPLIST_FILE = "FoodApp-PeterWelchTests/Info.plist";
				IPHONEOS_DEPLOYMENT_TARGET = 14.0;
				LD_RUNPATH_SEARCH_PATHS = (
					"$(inherited)",
					"@executable_path/Frameworks",
					"@loader_path/Frameworks",
				);
				PRODUCT_BUNDLE_IDENTIFIER = "app.dev.griffithuni.FoodApp-PeterWelchTests";
				PRODUCT_NAME = "$(TARGET_NAME)";
				SWIFT_VERSION = 5.0;
				TARGETED_DEVICE_FAMILY = "1,2";
				TEST_HOST = "$(BUILT_PRODUCTS_DIR)/FoodApp-PeterWelch.app/FoodApp-PeterWelch";
			};
			name = Release;
		};
		7D4A6A0026250FF400522249 /* Debug */ = {
			isa = XCBuildConfiguration;
			buildSettings = {
				ALWAYS_EMBED_SWIFT_STANDARD_LIBRARIES = YES;
				CODE_SIGN_STYLE = Automatic;
				INFOPLIST_FILE = "FoodApp-PeterWelchUITests/Info.plist";
				LD_RUNPATH_SEARCH_PATHS = (
					"$(inherited)",
					"@executable_path/Frameworks",
					"@loader_path/Frameworks",
				);
				PRODUCT_BUNDLE_IDENTIFIER = "app.dev.griffithuni.FoodApp-PeterWelchUITests";
				PRODUCT_NAME = "$(TARGET_NAME)";
				SWIFT_VERSION = 5.0;
				TARGETED_DEVICE_FAMILY = "1,2";
				TEST_TARGET_NAME = "FoodApp-PeterWelch";
			};
			name = Debug;
		};
		7D4A6A0126250FF400522249 /* Release */ = {
			isa = XCBuildConfiguration;
			buildSettings = {
				ALWAYS_EMBED_SWIFT_STANDARD_LIBRARIES = YES;
				CODE_SIGN_STYLE = Automatic;
				INFOPLIST_FILE = "FoodApp-PeterWelchUITests/Info.plist";
				LD_RUNPATH_SEARCH_PATHS = (
					"$(inherited)",
					"@executable_path/Frameworks",
					"@loader_path/Frameworks",
				);
				PRODUCT_BUNDLE_IDENTIFIER = "app.dev.griffithuni.FoodApp-PeterWelchUITests";
				PRODUCT_NAME = "$(TARGET_NAME)";
				SWIFT_VERSION = 5.0;
				TARGETED_DEVICE_FAMILY = "1,2";
				TEST_TARGET_NAME = "FoodApp-PeterWelch";
			};
			name = Release;
		};
/* End XCBuildConfiguration section */

/* Begin XCConfigurationList section */
		7D4A69CF26250FF400522249 /* Build configuration list for PBXProject "FoodApp-PeterWelch" */ = {
			isa = XCConfigurationList;
			buildConfigurations = (
				7D4A69F726250FF400522249 /* Debug */,
				7D4A69F826250FF400522249 /* Release */,
			);
			defaultConfigurationIsVisible = 0;
			defaultConfigurationName = Release;
		};
		7D4A69F926250FF400522249 /* Build configuration list for PBXNativeTarget "FoodApp-PeterWelch" */ = {
			isa = XCConfigurationList;
			buildConfigurations = (
				7D4A69FA26250FF400522249 /* Debug */,
				7D4A69FB26250FF400522249 /* Release */,
			);
			defaultConfigurationIsVisible = 0;
			defaultConfigurationName = Release;
		};
		7D4A69FC26250FF400522249 /* Build configuration list for PBXNativeTarget "FoodApp-PeterWelchTests" */ = {
			isa = XCConfigurationList;
			buildConfigurations = (
				7D4A69FD26250FF400522249 /* Debug */,
				7D4A69FE26250FF400522249 /* Release */,
			);
			defaultConfigurationIsVisible = 0;
			defaultConfigurationName = Release;
		};
		7D4A69FF26250FF400522249 /* Build configuration list for PBXNativeTarget "FoodApp-PeterWelchUITests" */ = {
			isa = XCConfigurationList;
			buildConfigurations = (
				7D4A6A0026250FF400522249 /* Debug */,
				7D4A6A0126250FF400522249 /* Release */,
			);
			defaultConfigurationIsVisible = 0;
			defaultConfigurationName = Release;
		};
/* End XCConfigurationList section */
	};
	rootObject = 7D4A69CC26250FF400522249 /* Project object */;
}
